// !$*UTF8*$!
{
	archiveVersion = 1;
	classes = {
	};
	objectVersion = 77;
	objects = {

/* Begin PBXBuildFile section */
		6F4FB0132CB6520F001D5653 /* CoreBluetooth.framework in Frameworks */ = {isa = PBXBuildFile; fileRef = 6F4FB0122CB6520F001D5653 /* CoreBluetooth.framework */; };
/* End PBXBuildFile section */

/* Begin PBXContainerItemProxy section */
		6F4FAFF42CB650C8001D5653 /* PBXContainerItemProxy */ = {
			isa = PBXContainerItemProxy;
			containerPortal = 6F4FAFD52CB650C7001D5653 /* Project object */;
			proxyType = 1;
			remoteGlobalIDString = 6F4FAFDC2CB650C7001D5653;
			remoteInfo = testbluetooth1;
		};
		6F4FAFFE2CB650C8001D5653 /* PBXContainerItemProxy */ = {
			isa = PBXContainerItemProxy;
			containerPortal = 6F4FAFD52CB650C7001D5653 /* Project object */;
			proxyType = 1;
			remoteGlobalIDString = 6F4FAFDC2CB650C7001D5653;
			remoteInfo = testbluetooth1;
		};
/* End PBXContainerItemProxy section */

/* Begin PBXFileReference section */
		6F4FAFDD2CB650C7001D5653 /* testbluetooth1.app */ = {isa = PBXFileReference; explicitFileType = wrapper.application; includeInIndex = 0; path = testbluetooth1.app; sourceTree = BUILT_PRODUCTS_DIR; };
		6F4FAFF32CB650C8001D5653 /* testbluetooth1Tests.xctest */ = {isa = PBXFileReference; explicitFileType = wrapper.cfbundle; includeInIndex = 0; path = testbluetooth1Tests.xctest; sourceTree = BUILT_PRODUCTS_DIR; };
		6F4FAFFD2CB650C8001D5653 /* testbluetooth1UITests.xctest */ = {isa = PBXFileReference; explicitFileType = wrapper.cfbundle; includeInIndex = 0; path = testbluetooth1UITests.xctest; sourceTree = BUILT_PRODUCTS_DIR; };
		6F4FB0122CB6520F001D5653 /* CoreBluetooth.framework */ = {isa = PBXFileReference; lastKnownFileType = wrapper.framework; name = CoreBluetooth.framework; path = System/Library/Frameworks/CoreBluetooth.framework; sourceTree = SDKROOT; };
/* End PBXFileReference section */

/* Begin PBXFileSystemSynchronizedBuildFileExceptionSet section */
		6F4FB0052CB650C8001D5653 /* Exceptions for "testbluetooth1" folder in "testbluetooth1" target */ = {
			isa = PBXFileSystemSynchronizedBuildFileExceptionSet;
			membershipExceptions = (
				Info.plist,
			);
			target = 6F4FAFDC2CB650C7001D5653 /* testbluetooth1 */;
		};
/* End PBXFileSystemSynchronizedBuildFileExceptionSet section */

/* Begin PBXFileSystemSynchronizedRootGroup section */
		6F4FAFDF2CB650C7001D5653 /* testbluetooth1 */ = {
			isa = PBXFileSystemSynchronizedRootGroup;
			exceptions = (
				6F4FB0052CB650C8001D5653 /* Exceptions for "testbluetooth1" folder in "testbluetooth1" target */,
			);
			path = testbluetooth1;
			sourceTree = "<group>";
		};
		6F4FAFF62CB650C8001D5653 /* testbluetooth1Tests */ = {
			isa = PBXFileSystemSynchronizedRootGroup;
			path = testbluetooth1Tests;
			sourceTree = "<group>";
		};
		6F4FB0002CB650C8001D5653 /* testbluetooth1UITests */ = {
			isa = PBXFileSystemSynchronizedRootGroup;
			path = testbluetooth1UITests;
			sourceTree = "<group>";
		};
/* End PBXFileSystemSynchronizedRootGroup section */

/* Begin PBXFrameworksBuildPhase section */
		6F4FAFDA2CB650C7001D5653 /* Frameworks */ = {
			isa = PBXFrameworksBuildPhase;
			buildActionMask = 2147483647;
			files = (
				6F4FB0132CB6520F001D5653 /* CoreBluetooth.framework in Frameworks */,
			);
			runOnlyForDeploymentPostprocessing = 0;
		};
		6F4FAFF02CB650C8001D5653 /* Frameworks */ = {
			isa = PBXFrameworksBuildPhase;
			buildActionMask = 2147483647;
			files = (
			);
			runOnlyForDeploymentPostprocessing = 0;
		};
		6F4FAFFA2CB650C8001D5653 /* Frameworks */ = {
			isa = PBXFrameworksBuildPhase;
			buildActionMask = 2147483647;
			files = (
			);
			runOnlyForDeploymentPostprocessing = 0;
		};
/* End PBXFrameworksBuildPhase section */

/* Begin PBXGroup section */
		6F4FAFD42CB650C7001D5653 = {
			isa = PBXGroup;
			children = (
				6F4FAFDF2CB650C7001D5653 /* testbluetooth1 */,
				6F4FAFF62CB650C8001D5653 /* testbluetooth1Tests */,
				6F4FB0002CB650C8001D5653 /* testbluetooth1UITests */,
				6F4FB0112CB6520F001D5653 /* Frameworks */,
				6F4FAFDE2CB650C7001D5653 /* Products */,
			);
			sourceTree = "<group>";
		};
		6F4FAFDE2CB650C7001D5653 /* Products */ = {
			isa = PBXGroup;
			children = (
				6F4FAFDD2CB650C7001D5653 /* testbluetooth1.app */,
				6F4FAFF32CB650C8001D5653 /* testbluetooth1Tests.xctest */,
				6F4FAFFD2CB650C8001D5653 /* testbluetooth1UITests.xctest */,
			);
			name = Products;
			sourceTree = "<group>";
		};
		6F4FB0112CB6520F001D5653 /* Frameworks */ = {
			isa = PBXGroup;
			children = (
				6F4FB0122CB6520F001D5653 /* CoreBluetooth.framework */,
			);
			name = Frameworks;
			sourceTree = "<group>";
		};
/* End PBXGroup section */

/* Begin PBXNativeTarget section */
		6F4FAFDC2CB650C7001D5653 /* testbluetooth1 */ = {
			isa = PBXNativeTarget;
			buildConfigurationList = 6F4FB0062CB650C8001D5653 /* Build configuration list for PBXNativeTarget "testbluetooth1" */;
			buildPhases = (
				6F4FAFD92CB650C7001D5653 /* Sources */,
				6F4FAFDA2CB650C7001D5653 /* Frameworks */,
				6F4FAFDB2CB650C7001D5653 /* Resources */,
			);
			buildRules = (
			);
			dependencies = (
			);
			fileSystemSynchronizedGroups = (
				6F4FAFDF2CB650C7001D5653 /* testbluetooth1 */,
			);
			name = testbluetooth1;
			packageProductDependencies = (
			);
			productName = testbluetooth1;
			productReference = 6F4FAFDD2CB650C7001D5653 /* testbluetooth1.app */;
			productType = "com.apple.product-type.application";
		};
		6F4FAFF22CB650C8001D5653 /* testbluetooth1Tests */ = {
			isa = PBXNativeTarget;
			buildConfigurationList = 6F4FB00B2CB650C8001D5653 /* Build configuration list for PBXNativeTarget "testbluetooth1Tests" */;
			buildPhases = (
				6F4FAFEF2CB650C8001D5653 /* Sources */,
				6F4FAFF02CB650C8001D5653 /* Frameworks */,
				6F4FAFF12CB650C8001D5653 /* Resources */,
			);
			buildRules = (
			);
			dependencies = (
				6F4FAFF52CB650C8001D5653 /* PBXTargetDependency */,
			);
			fileSystemSynchronizedGroups = (
				6F4FAFF62CB650C8001D5653 /* testbluetooth1Tests */,
			);
			name = testbluetooth1Tests;
			packageProductDependencies = (
			);
			productName = testbluetooth1Tests;
			productReference = 6F4FAFF32CB650C8001D5653 /* testbluetooth1Tests.xctest */;
			productType = "com.apple.product-type.bundle.unit-test";
		};
		6F4FAFFC2CB650C8001D5653 /* testbluetooth1UITests */ = {
			isa = PBXNativeTarget;
			buildConfigurationList = 6F4FB00E2CB650C8001D5653 /* Build configuration list for PBXNativeTarget "testbluetooth1UITests" */;
			buildPhases = (
				6F4FAFF92CB650C8001D5653 /* Sources */,
				6F4FAFFA2CB650C8001D5653 /* Frameworks */,
				6F4FAFFB2CB650C8001D5653 /* Resources */,
			);
			buildRules = (
			);
			dependencies = (
				6F4FAFFF2CB650C8001D5653 /* PBXTargetDependency */,
			);
			fileSystemSynchronizedGroups = (
				6F4FB0002CB650C8001D5653 /* testbluetooth1UITests */,
			);
			name = testbluetooth1UITests;
			packageProductDependencies = (
			);
			productName = testbluetooth1UITests;
			productReference = 6F4FAFFD2CB650C8001D5653 /* testbluetooth1UITests.xctest */;
			productType = "com.apple.product-type.bundle.ui-testing";
		};
/* End PBXNativeTarget section */

/* Begin PBXProject section */
		6F4FAFD52CB650C7001D5653 /* Project object */ = {
			isa = PBXProject;
			attributes = {
				BuildIndependentTargetsInParallel = 1;
				LastSwiftUpdateCheck = 1600;
				LastUpgradeCheck = 1600;
				TargetAttributes = {
					6F4FAFDC2CB650C7001D5653 = {
						CreatedOnToolsVersion = 16.0;
					};
					6F4FAFF22CB650C8001D5653 = {
						CreatedOnToolsVersion = 16.0;
						TestTargetID = 6F4FAFDC2CB650C7001D5653;
					};
					6F4FAFFC2CB650C8001D5653 = {
						CreatedOnToolsVersion = 16.0;
						TestTargetID = 6F4FAFDC2CB650C7001D5653;
					};
				};
			};
			buildConfigurationList = 6F4FAFD82CB650C7001D5653 /* Build configuration list for PBXProject "testbluetooth1" */;
			developmentRegion = en;
			hasScannedForEncodings = 0;
			knownRegions = (
				en,
				Base,
			);
			mainGroup = 6F4FAFD42CB650C7001D5653;
			minimizedProjectReferenceProxies = 1;
			preferredProjectObjectVersion = 77;
			productRefGroup = 6F4FAFDE2CB650C7001D5653 /* Products */;
			projectDirPath = "";
			projectRoot = "";
			targets = (
				6F4FAFDC2CB650C7001D5653 /* testbluetooth1 */,
				6F4FAFF22CB650C8001D5653 /* testbluetooth1Tests */,
				6F4FAFFC2CB650C8001D5653 /* testbluetooth1UITests */,
			);
		};
/* End PBXProject section */

/* Begin PBXResourcesBuildPhase section */
		6F4FAFDB2CB650C7001D5653 /* Resources */ = {
			isa = PBXResourcesBuildPhase;
			buildActionMask = 2147483647;
			files = (
			);
			runOnlyForDeploymentPostprocessing = 0;
		};
		6F4FAFF12CB650C8001D5653 /* Resources */ = {
			isa = PBXResourcesBuildPhase;
			buildActionMask = 2147483647;
			files = (
			);
			runOnlyForDeploymentPostprocessing = 0;
		};
		6F4FAFFB2CB650C8001D5653 /* Resources */ = {
			isa = PBXResourcesBuildPhase;
			buildActionMask = 2147483647;
			files = (
			);
			runOnlyForDeploymentPostprocessing = 0;
		};
/* End PBXResourcesBuildPhase section */

/* Begin PBXSourcesBuildPhase section */
		6F4FAFD92CB650C7001D5653 /* Sources */ = {
			isa = PBXSourcesBuildPhase;
			buildActionMask = 2147483647;
			files = (
			);
			runOnlyForDeploymentPostprocessing = 0;
		};
		6F4FAFEF2CB650C8001D5653 /* Sources */ = {
			isa = PBXSourcesBuildPhase;
			buildActionMask = 2147483647;
			files = (
			);
			runOnlyForDeploymentPostprocessing = 0;
		};
		6F4FAFF92CB650C8001D5653 /* Sources */ = {
			isa = PBXSourcesBuildPhase;
			buildActionMask = 2147483647;
			files = (
			);
			runOnlyForDeploymentPostprocessing = 0;
		};
/* End PBXSourcesBuildPhase section */

/* Begin PBXTargetDependency section */
		6F4FAFF52CB650C8001D5653 /* PBXTargetDependency */ = {
			isa = PBXTargetDependency;
			target = 6F4FAFDC2CB650C7001D5653 /* testbluetooth1 */;
			targetProxy = 6F4FAFF42CB650C8001D5653 /* PBXContainerItemProxy */;
		};
		6F4FAFFF2CB650C8001D5653 /* PBXTargetDependency */ = {
			isa = PBXTargetDependency;
			target = 6F4FAFDC2CB650C7001D5653 /* testbluetooth1 */;
			targetProxy = 6F4FAFFE2CB650C8001D5653 /* PBXContainerItemProxy */;
		};
/* End PBXTargetDependency section */

/* Begin XCBuildConfiguration section */
		6F4FB0072CB650C8001D5653 /* Debug */ = {
			isa = XCBuildConfiguration;
			buildSettings = {
				ASSETCATALOG_COMPILER_APPICON_NAME = AppIcon;
				ASSETCATALOG_COMPILER_GLOBAL_ACCENT_COLOR_NAME = AccentColor;
				CODE_SIGN_STYLE = Automatic;
				CURRENT_PROJECT_VERSION = 1;
				DEVELOPMENT_TEAM = A3UF4B4CBW;
				GENERATE_INFOPLIST_FILE = YES;
				INFOPLIST_FILE = testbluetooth1/Info.plist;
				INFOPLIST_KEY_UIApplicationSupportsIndirectInputEvents = YES;
				INFOPLIST_KEY_UILaunchStoryboardName = LaunchScreen;
				INFOPLIST_KEY_UIMainStoryboardFile = Main;
				INFOPLIST_KEY_UISupportedInterfaceOrientations_iPad = "UIInterfaceOrientationPortrait UIInterfaceOrientationPortraitUpsideDown UIInterfaceOrientationLandscapeLeft UIInterfaceOrientationLandscapeRight";
				INFOPLIST_KEY_UISupportedInterfaceOrientations_iPhone = "UIInterfaceOrientationPortrait UIInterfaceOrientationLandscapeLeft UIInterfaceOrientationLandscapeRight";
				LD_RUNPATH_SEARCH_PATHS = (
					"$(inherited)",
					"@executable_path/Frameworks",
				);
				MARKETING_VERSION = 1.0;
				PRODUCT_BUNDLE_IDENTIFIER = Centertek.testbluetooth1;
				PRODUCT_NAME = "$(TARGET_NAME)";
				SWIFT_EMIT_LOC_STRINGS = YES;
				SWIFT_VERSION = 5.0;
				TARGETED_DEVICE_FAMILY = "1,2";
			};
			name = Debug;
		};
		6F4FB0082CB650C8001D5653 /* Release */ = {
			isa = XCBuildConfiguration;
			buildSettings = {
				ASSETCATALOG_COMPILER_APPICON_NAME = AppIcon;
				ASSETCATALOG_COMPILER_GLOBAL_ACCENT_COLOR_NAME = AccentColor;
				CODE_SIGN_STYLE = Automatic;
				CURRENT_PROJECT_VERSION = 1;
				DEVELOPMENT_TEAM = A3UF4B4CBW;
				GENERATE_INFOPLIST_FILE = YES;
				INFOPLIST_FILE = testbluetooth1/Info.plist;
				INFOPLIST_KEY_UIApplicationSupportsIndirectInputEvents = YES;
				INFOPLIST_KEY_UILaunchStoryboardName = LaunchScreen;
				INFOPLIST_KEY_UIMainStoryboardFile = Main;
				INFOPLIST_KEY_UISupportedInterfaceOrientations_iPad = "UIInterfaceOrientationPortrait UIInterfaceOrientationPortraitUpsideDown UIInterfaceOrientationLandscapeLeft UIInterfaceOrientationLandscapeRight";
				INFOPLIST_KEY_UISupportedInterfaceOrientations_iPhone = "UIInterfaceOrientationPortrait UIInterfaceOrientationLandscapeLeft UIInterfaceOrientationLandscapeRight";
				LD_RUNPATH_SEARCH_PATHS = (
					"$(inherited)",
					"@executable_path/Frameworks",
				);
				MARKETING_VERSION = 1.0;
				PRODUCT_BUNDLE_IDENTIFIER = Centertek.testbluetooth1;
				PRODUCT_NAME = "$(TARGET_NAME)";
				SWIFT_EMIT_LOC_STRINGS = YES;
				SWIFT_VERSION = 5.0;
				TARGETED_DEVICE_FAMILY = "1,2";
			};
			name = Release;
		};
		6F4FB0092CB650C8001D5653 /* Debug */ = {
			isa = XCBuildConfiguration;
			buildSettings = {
				ALWAYS_SEARCH_USER_PATHS = NO;
				ASSETCATALOG_COMPILER_GENERATE_SWIFT_ASSET_SYMBOL_EXTENSIONS = YES;
				CLANG_ANALYZER_NONNULL = YES;
				CLANG_ANALYZER_NUMBER_OBJECT_CONVERSION = YES_AGGRESSIVE;
				CLANG_CXX_LANGUAGE_STANDARD = "gnu++20";
				CLANG_ENABLE_MODULES = YES;
				CLANG_ENABLE_OBJC_ARC = YES;
				CLANG_ENABLE_OBJC_WEAK = YES;
				CLANG_WARN_BLOCK_CAPTURE_AUTORELEASING = YES;
				CLANG_WARN_BOOL_CONVERSION = YES;
				CLANG_WARN_COMMA = YES;
				CLANG_WARN_CONSTANT_CONVERSION = YES;
				CLANG_WARN_DEPRECATED_OBJC_IMPLEMENTATIONS = YES;
				CLANG_WARN_DIRECT_OBJC_ISA_USAGE = YES_ERROR;
				CLANG_WARN_DOCUMENTATION_COMMENTS = YES;
				CLANG_WARN_EMPTY_BODY = YES;
				CLANG_WARN_ENUM_CONVERSION = YES;
				CLANG_WARN_INFINITE_RECURSION = YES;
				CLANG_WARN_INT_CONVERSION = YES;
				CLANG_WARN_NON_LITERAL_NULL_CONVERSION = YES;
				CLANG_WARN_OBJC_IMPLICIT_RETAIN_SELF = YES;
				CLANG_WARN_OBJC_LITERAL_CONVERSION = YES;
				CLANG_WARN_OBJC_ROOT_CLASS = YES_ERROR;
				CLANG_WARN_QUOTED_INCLUDE_IN_FRAMEWORK_HEADER = YES;
				CLANG_WARN_RANGE_LOOP_ANALYSIS = YES;
				CLANG_WARN_STRICT_PROTOTYPES = YES;
				CLANG_WARN_SUSPICIOUS_MOVE = YES;
				CLANG_WARN_UNGUARDED_AVAILABILITY = YES_AGGRESSIVE;
				CLANG_WARN_UNREACHABLE_CODE = YES;
				CLANG_WARN__DUPLICATE_METHOD_MATCH = YES;
				COPY_PHASE_STRIP = NO;
				DEBUG_INFORMATION_FORMAT = dwarf;
				ENABLE_STRICT_OBJC_MSGSEND = YES;
				ENABLE_TESTABILITY = YES;
				ENABLE_USER_SCRIPT_SANDBOXING = YES;
				GCC_C_LANGUAGE_STANDARD = gnu17;
				GCC_DYNAMIC_NO_PIC = NO;
				GCC_NO_COMMON_BLOCKS = YES;
				GCC_OPTIMIZATION_LEVEL = 0;
				GCC_PREPROCESSOR_DEFINITIONS = (
					"DEBUG=1",
					"$(inherited)",
				);
				GCC_WARN_64_TO_32_BIT_CONVERSION = YES;
				GCC_WARN_ABOUT_RETURN_TYPE = YES_ERROR;
				GCC_WARN_UNDECLARED_SELECTOR = YES;
				GCC_WARN_UNINITIALIZED_AUTOS = YES_AGGRESSIVE;
				GCC_WARN_UNUSED_FUNCTION = YES;
				GCC_WARN_UNUSED_VARIABLE = YES;
				IPHONEOS_DEPLOYMENT_TARGET = 18.0;
				LOCALIZATION_PREFERS_STRING_CATALOGS = YES;
				MTL_ENABLE_DEBUG_INFO = INCLUDE_SOURCE;
				MTL_FAST_MATH = YES;
				ONLY_ACTIVE_ARCH = YES;
				SDKROOT = iphoneos;
				SWIFT_ACTIVE_COMPILATION_CONDITIONS = "DEBUG $(inherited)";
				SWIFT_OPTIMIZATION_LEVEL = "-Onone";
			};
			name = Debug;
		};
		6F4FB00A2CB650C8001D5653 /* Release */ = {
			isa = XCBuildConfiguration;
			buildSettings = {
				ALWAYS_SEARCH_USER_PATHS = NO;
				ASSETCATALOG_COMPILER_GENERATE_SWIFT_ASSET_SYMBOL_EXTENSIONS = YES;
				CLANG_ANALYZER_NONNULL = YES;
				CLANG_ANALYZER_NUMBER_OBJECT_CONVERSION = YES_AGGRESSIVE;
				CLANG_CXX_LANGUAGE_STANDARD = "gnu++20";
				CLANG_ENABLE_MODULES = YES;
				CLANG_ENABLE_OBJC_ARC = YES;
				CLANG_ENABLE_OBJC_WEAK = YES;
				CLANG_WARN_BLOCK_CAPTURE_AUTORELEASING = YES;
				CLANG_WARN_BOOL_CONVERSION = YES;
				CLANG_WARN_COMMA = YES;
				CLANG_WARN_CONSTANT_CONVERSION = YES;
				CLANG_WARN_DEPRECATED_OBJC_IMPLEMENTATIONS = YES;
				CLANG_WARN_DIRECT_OBJC_ISA_USAGE = YES_ERROR;
				CLANG_WARN_DOCUMENTATION_COMMENTS = YES;
				CLANG_WARN_EMPTY_BODY = YES;
				CLANG_WARN_ENUM_CONVERSION = YES;
				CLANG_WARN_INFINITE_RECURSION = YES;
				CLANG_WARN_INT_CONVERSION = YES;
				CLANG_WARN_NON_LITERAL_NULL_CONVERSION = YES;
				CLANG_WARN_OBJC_IMPLICIT_RETAIN_SELF = YES;
				CLANG_WARN_OBJC_LITERAL_CONVERSION = YES;
				CLANG_WARN_OBJC_ROOT_CLASS = YES_ERROR;
				CLANG_WARN_QUOTED_INCLUDE_IN_FRAMEWORK_HEADER = YES;
				CLANG_WARN_RANGE_LOOP_ANALYSIS = YES;
				CLANG_WARN_STRICT_PROTOTYPES = YES;
				CLANG_WARN_SUSPICIOUS_MOVE = YES;
				CLANG_WARN_UNGUARDED_AVAILABILITY = YES_AGGRESSIVE;
				CLANG_WARN_UNREACHABLE_CODE = YES;
				CLANG_WARN__DUPLICATE_METHOD_MATCH = YES;
				COPY_PHASE_STRIP = NO;
				DEBUG_INFORMATION_FORMAT = "dwarf-with-dsym";
				ENABLE_NS_ASSERTIONS = NO;
				ENABLE_STRICT_OBJC_MSGSEND = YES;
				ENABLE_USER_SCRIPT_SANDBOXING = YES;
				GCC_C_LANGUAGE_STANDARD = gnu17;
				GCC_NO_COMMON_BLOCKS = YES;
				GCC_WARN_64_TO_32_BIT_CONVERSION = YES;
				GCC_WARN_ABOUT_RETURN_TYPE = YES_ERROR;
				GCC_WARN_UNDECLARED_SELECTOR = YES;
				GCC_WARN_UNINITIALIZED_AUTOS = YES_AGGRESSIVE;
				GCC_WARN_UNUSED_FUNCTION = YES;
				GCC_WARN_UNUSED_VARIABLE = YES;
				IPHONEOS_DEPLOYMENT_TARGET = 18.0;
				LOCALIZATION_PREFERS_STRING_CATALOGS = YES;
				MTL_ENABLE_DEBUG_INFO = NO;
				MTL_FAST_MATH = YES;
				SDKROOT = iphoneos;
				SWIFT_COMPILATION_MODE = wholemodule;
				VALIDATE_PRODUCT = YES;
			};
			name = Release;
		};
		6F4FB00C2CB650C8001D5653 /* Debug */ = {
			isa = XCBuildConfiguration;
			buildSettings = {
				BUNDLE_LOADER = "$(TEST_HOST)";
				CODE_SIGN_STYLE = Automatic;
				CURRENT_PROJECT_VERSION = 1;
				GENERATE_INFOPLIST_FILE = YES;
				IPHONEOS_DEPLOYMENT_TARGET = 18.0;
				MARKETING_VERSION = 1.0;
				PRODUCT_BUNDLE_IDENTIFIER = Centertek.testbluetooth1Tests;
				PRODUCT_NAME = "$(TARGET_NAME)";
				SWIFT_EMIT_LOC_STRINGS = NO;
				SWIFT_VERSION = 5.0;
				TARGETED_DEVICE_FAMILY = "1,2";
				TEST_HOST = "$(BUILT_PRODUCTS_DIR)/testbluetooth1.app/$(BUNDLE_EXECUTABLE_FOLDER_PATH)/testbluetooth1";
			};
			name = Debug;
		};
		6F4FB00D2CB650C8001D5653 /* Release */ = {
			isa = XCBuildConfiguration;
			buildSettings = {
				BUNDLE_LOADER = "$(TEST_HOST)";
				CODE_SIGN_STYLE = Automatic;
				CURRENT_PROJECT_VERSION = 1;
				GENERATE_INFOPLIST_FILE = YES;
				IPHONEOS_DEPLOYMENT_TARGET = 18.0;
				MARKETING_VERSION = 1.0;
				PRODUCT_BUNDLE_IDENTIFIER = Centertek.testbluetooth1Tests;
				PRODUCT_NAME = "$(TARGET_NAME)";
				SWIFT_EMIT_LOC_STRINGS = NO;
				SWIFT_VERSION = 5.0;
				TARGETED_DEVICE_FAMILY = "1,2";
				TEST_HOST = "$(BUILT_PRODUCTS_DIR)/testbluetooth1.app/$(BUNDLE_EXECUTABLE_FOLDER_PATH)/testbluetooth1";
			};
			name = Release;
		};
		6F4FB00F2CB650C8001D5653 /* Debug */ = {
			isa = XCBuildConfiguration;
			buildSettings = {
				CODE_SIGN_STYLE = Automatic;
				CURRENT_PROJECT_VERSION = 1;
				GENERATE_INFOPLIST_FILE = YES;
				MARKETING_VERSION = 1.0;
				PRODUCT_BUNDLE_IDENTIFIER = Centertek.testbluetooth1UITests;
				PRODUCT_NAME = "$(TARGET_NAME)";
				SWIFT_EMIT_LOC_STRINGS = NO;
				SWIFT_VERSION = 5.0;
				TARGETED_DEVICE_FAMILY = "1,2";
				TEST_TARGET_NAME = testbluetooth1;
			};
			name = Debug;
		};
		6F4FB0102CB650C8001D5653 /* Release */ = {
			isa = XCBuildConfiguration;
			buildSettings = {
				CODE_SIGN_STYLE = Automatic;
				CURRENT_PROJECT_VERSION = 1;
				GENERATE_INFOPLIST_FILE = YES;
				MARKETING_VERSION = 1.0;
				PRODUCT_BUNDLE_IDENTIFIER = Centertek.testbluetooth1UITests;
				PRODUCT_NAME = "$(TARGET_NAME)";
				SWIFT_EMIT_LOC_STRINGS = NO;
				SWIFT_VERSION = 5.0;
				TARGETED_DEVICE_FAMILY = "1,2";
				TEST_TARGET_NAME = testbluetooth1;
			};
			name = Release;
		};
/* End XCBuildConfiguration section */

/* Begin XCConfigurationList section */
		6F4FAFD82CB650C7001D5653 /* Build configuration list for PBXProject "testbluetooth1" */ = {
			isa = XCConfigurationList;
			buildConfigurations = (
				6F4FB0092CB650C8001D5653 /* Debug */,
				6F4FB00A2CB650C8001D5653 /* Release */,
			);
			defaultConfigurationIsVisible = 0;
			defaultConfigurationName = Release;
		};
		6F4FB0062CB650C8001D5653 /* Build configuration list for PBXNativeTarget "testbluetooth1" */ = {
			isa = XCConfigurationList;
			buildConfigurations = (
				6F4FB0072CB650C8001D5653 /* Debug */,
				6F4FB0082CB650C8001D5653 /* Release */,
			);
			defaultConfigurationIsVisible = 0;
			defaultConfigurationName = Release;
		};
		6F4FB00B2CB650C8001D5653 /* Build configuration list for PBXNativeTarget "testbluetooth1Tests" */ = {
			isa = XCConfigurationList;
			buildConfigurations = (
				6F4FB00C2CB650C8001D5653 /* Debug */,
				6F4FB00D2CB650C8001D5653 /* Release */,
			);
			defaultConfigurationIsVisible = 0;
			defaultConfigurationName = Release;
		};
		6F4FB00E2CB650C8001D5653 /* Build configuration list for PBXNativeTarget "testbluetooth1UITests" */ = {
			isa = XCConfigurationList;
			buildConfigurations = (
				6F4FB00F2CB650C8001D5653 /* Debug */,
				6F4FB0102CB650C8001D5653 /* Release */,
			);
			defaultConfigurationIsVisible = 0;
			defaultConfigurationName = Release;
		};
/* End XCConfigurationList section */
	};
	rootObject = 6F4FAFD52CB650C7001D5653 /* Project object */;
}
